// !$*UTF8*$!
{
	archiveVersion = 1;
	classes = {
	};
	objectVersion = 50;
	objects = {

/* Begin PBXBuildFile section */
		4D8C46629CF95D76CE280BF0 /* Pods_iAPTest.framework in Frameworks */ = {isa = PBXBuildFile; fileRef = DDFF410FB8412296DAEC71F5 /* Pods_iAPTest.framework */; };
		7F69373022555F5200F68EC5 /* AppDelegate.swift in Sources */ = {isa = PBXBuildFile; fileRef = 7F69372F22555F5200F68EC5 /* AppDelegate.swift */; };
		7F69373222555F5200F68EC5 /* ViewController.swift in Sources */ = {isa = PBXBuildFile; fileRef = 7F69373122555F5200F68EC5 /* ViewController.swift */; };
		7F69373522555F5200F68EC5 /* Main.storyboard in Resources */ = {isa = PBXBuildFile; fileRef = 7F69373322555F5200F68EC5 /* Main.storyboard */; };
		7F69373722555F5300F68EC5 /* Assets.xcassets in Resources */ = {isa = PBXBuildFile; fileRef = 7F69373622555F5300F68EC5 /* Assets.xcassets */; };
		7F69373A22555F5300F68EC5 /* LaunchScreen.storyboard in Resources */ = {isa = PBXBuildFile; fileRef = 7F69373822555F5300F68EC5 /* LaunchScreen.storyboard */; };
		7F69374322555F8C00F68EC5 /* ExternalAccessory.framework in Frameworks */ = {isa = PBXBuildFile; fileRef = 7F69374222555F8C00F68EC5 /* ExternalAccessory.framework */; };
/* End PBXBuildFile section */

/* Begin PBXFileReference section */
		7EB1EDF78330A96189901AC2 /* Pods-iAPTest.release.xcconfig */ = {isa = PBXFileReference; includeInIndex = 1; lastKnownFileType = text.xcconfig; name = "Pods-iAPTest.release.xcconfig"; path = "Pods/Target Support Files/Pods-iAPTest/Pods-iAPTest.release.xcconfig"; sourceTree = "<group>"; };
		7F69372C22555F5200F68EC5 /* iAPTest.app */ = {isa = PBXFileReference; explicitFileType = wrapper.application; includeInIndex = 0; path = iAPTest.app; sourceTree = BUILT_PRODUCTS_DIR; };
		7F69372F22555F5200F68EC5 /* AppDelegate.swift */ = {isa = PBXFileReference; lastKnownFileType = sourcecode.swift; path = AppDelegate.swift; sourceTree = "<group>"; };
		7F69373122555F5200F68EC5 /* ViewController.swift */ = {isa = PBXFileReference; lastKnownFileType = sourcecode.swift; path = ViewController.swift; sourceTree = "<group>"; };
		7F69373422555F5200F68EC5 /* Base */ = {isa = PBXFileReference; lastKnownFileType = file.storyboard; name = Base; path = Base.lproj/Main.storyboard; sourceTree = "<group>"; };
		7F69373622555F5300F68EC5 /* Assets.xcassets */ = {isa = PBXFileReference; lastKnownFileType = folder.assetcatalog; path = Assets.xcassets; sourceTree = "<group>"; };
		7F69373922555F5300F68EC5 /* Base */ = {isa = PBXFileReference; lastKnownFileType = file.storyboard; name = Base; path = Base.lproj/LaunchScreen.storyboard; sourceTree = "<group>"; };
		7F69373B22555F5300F68EC5 /* Info.plist */ = {isa = PBXFileReference; lastKnownFileType = text.plist.xml; path = Info.plist; sourceTree = "<group>"; };
		7F69374222555F8C00F68EC5 /* ExternalAccessory.framework */ = {isa = PBXFileReference; lastKnownFileType = wrapper.framework; name = ExternalAccessory.framework; path = System/Library/Frameworks/ExternalAccessory.framework; sourceTree = SDKROOT; };
		7F69374422555F8C00F68EC5 /* iAPTest.entitlements */ = {isa = PBXFileReference; lastKnownFileType = text.plist.entitlements; path = iAPTest.entitlements; sourceTree = "<group>"; };
		7F693748225561BD00F68EC5 /* UEComm.xcodeproj */ = {isa = PBXFileReference; lastKnownFileType = "wrapper.pb-project"; name = UEComm.xcodeproj; path = "mbg-BTCenturion-ios/UEComm/UEComm.xcodeproj"; sourceTree = "<group>"; };
		7F69374A2255630700F68EC5 /* libUEComm.a */ = {isa = PBXFileReference; explicitFileType = archive.ar; path = libUEComm.a; sourceTree = BUILT_PRODUCTS_DIR; };
		7F69374E2255645700F68EC5 /* libUEComm.a */ = {isa = PBXFileReference; explicitFileType = archive.ar; path = libUEComm.a; sourceTree = BUILT_PRODUCTS_DIR; };
		7F6C648E22556C45007AF775 /* iAPTest-Bridging-Header.h */ = {isa = PBXFileReference; lastKnownFileType = sourcecode.c.h; path = "iAPTest-Bridging-Header.h"; sourceTree = "<group>"; };
		7F6C648F22556F12007AF775 /* UEComm.framework */ = {isa = PBXFileReference; explicitFileType = wrapper.framework; path = UEComm.framework; sourceTree = BUILT_PRODUCTS_DIR; };
		D96328890ED0354F19C6B374 /* Pods-iAPTest.debug.xcconfig */ = {isa = PBXFileReference; includeInIndex = 1; lastKnownFileType = text.xcconfig; name = "Pods-iAPTest.debug.xcconfig"; path = "Pods/Target Support Files/Pods-iAPTest/Pods-iAPTest.debug.xcconfig"; sourceTree = "<group>"; };
		DDFF410FB8412296DAEC71F5 /* Pods_iAPTest.framework */ = {isa = PBXFileReference; explicitFileType = wrapper.framework; includeInIndex = 0; path = Pods_iAPTest.framework; sourceTree = BUILT_PRODUCTS_DIR; };
/* End PBXFileReference section */

/* Begin PBXFrameworksBuildPhase section */
		7F69372922555F5200F68EC5 /* Frameworks */ = {
			isa = PBXFrameworksBuildPhase;
			buildActionMask = 2147483647;
			files = (
				7F69374322555F8C00F68EC5 /* ExternalAccessory.framework in Frameworks */,
				4D8C46629CF95D76CE280BF0 /* Pods_iAPTest.framework in Frameworks */,
			);
			runOnlyForDeploymentPostprocessing = 0;
		};
/* End PBXFrameworksBuildPhase section */

/* Begin PBXGroup section */
		7F69372322555F5200F68EC5 = {
			isa = PBXGroup;
			children = (
				7F69372E22555F5200F68EC5 /* iAPTest */,
				7F69372D22555F5200F68EC5 /* Products */,
				7F69374122555F8C00F68EC5 /* Frameworks */,
				CEE49A47DE8CF3C8CCCA6668 /* Pods */,
			);
			sourceTree = "<group>";
		};
		7F69372D22555F5200F68EC5 /* Products */ = {
			isa = PBXGroup;
			children = (
				7F69372C22555F5200F68EC5 /* iAPTest.app */,
			);
			name = Products;
			sourceTree = "<group>";
		};
		7F69372E22555F5200F68EC5 /* iAPTest */ = {
			isa = PBXGroup;
			children = (
				7F69374422555F8C00F68EC5 /* iAPTest.entitlements */,
				7F69372F22555F5200F68EC5 /* AppDelegate.swift */,
				7F69373122555F5200F68EC5 /* ViewController.swift */,
				7F69373322555F5200F68EC5 /* Main.storyboard */,
				7F69373622555F5300F68EC5 /* Assets.xcassets */,
				7F69373822555F5300F68EC5 /* LaunchScreen.storyboard */,
				7F69373B22555F5300F68EC5 /* Info.plist */,
				7F6C648E22556C45007AF775 /* iAPTest-Bridging-Header.h */,
			);
			path = iAPTest;
			sourceTree = "<group>";
		};
		7F69374122555F8C00F68EC5 /* Frameworks */ = {
			isa = PBXGroup;
			children = (
				7F6C648F22556F12007AF775 /* UEComm.framework */,
				7F69374222555F8C00F68EC5 /* ExternalAccessory.framework */,
				DDFF410FB8412296DAEC71F5 /* Pods_iAPTest.framework */,
				7F69374E2255645700F68EC5 /* libUEComm.a */,
				7F69374A2255630700F68EC5 /* libUEComm.a */,
				7F693748225561BD00F68EC5 /* UEComm.xcodeproj */,
			);
			name = Frameworks;
			sourceTree = "<group>";
		};
		CEE49A47DE8CF3C8CCCA6668 /* Pods */ = {
			isa = PBXGroup;
			children = (
				D96328890ED0354F19C6B374 /* Pods-iAPTest.debug.xcconfig */,
				7EB1EDF78330A96189901AC2 /* Pods-iAPTest.release.xcconfig */,
			);
			name = Pods;
			sourceTree = "<group>";
		};
/* End PBXGroup section */

/* Begin PBXNativeTarget section */
		7F69372B22555F5200F68EC5 /* iAPTest */ = {
			isa = PBXNativeTarget;
			buildConfigurationList = 7F69373E22555F5300F68EC5 /* Build configuration list for PBXNativeTarget "iAPTest" */;
			buildPhases = (
				BDB317FA7483F9653A9B6782 /* [CP] Check Pods Manifest.lock */,
				7F69372822555F5200F68EC5 /* Sources */,
				7F69372922555F5200F68EC5 /* Frameworks */,
				7F69372A22555F5200F68EC5 /* Resources */,
			);
			buildRules = (
			);
			dependencies = (
			);
			name = iAPTest;
			productName = iAPTest;
			productReference = 7F69372C22555F5200F68EC5 /* iAPTest.app */;
			productType = "com.apple.product-type.application";
		};
/* End PBXNativeTarget section */

/* Begin PBXProject section */
		7F69372422555F5200F68EC5 /* Project object */ = {
			isa = PBXProject;
			attributes = {
				LastSwiftUpdateCheck = 1020;
				LastUpgradeCheck = 1020;
				ORGANIZATIONNAME = Logitech;
				TargetAttributes = {
					7F69372B22555F5200F68EC5 = {
						CreatedOnToolsVersion = 10.2;
						SystemCapabilities = {
							com.apple.WAC = {
								enabled = 1;
							};
						};
					};
				};
			};
			buildConfigurationList = 7F69372722555F5200F68EC5 /* Build configuration list for PBXProject "iAPTest" */;
			compatibilityVersion = "Xcode 9.3";
			developmentRegion = en;
			hasScannedForEncodings = 0;
			knownRegions = (
				en,
				Base,
			);
			mainGroup = 7F69372322555F5200F68EC5;
			productRefGroup = 7F69372D22555F5200F68EC5 /* Products */;
			projectDirPath = "";
			projectRoot = "";
			targets = (
				7F69372B22555F5200F68EC5 /* iAPTest */,
			);
		};
/* End PBXProject section */

/* Begin PBXResourcesBuildPhase section */
		7F69372A22555F5200F68EC5 /* Resources */ = {
			isa = PBXResourcesBuildPhase;
			buildActionMask = 2147483647;
			files = (
				7F69373A22555F5300F68EC5 /* LaunchScreen.storyboard in Resources */,
				7F69373722555F5300F68EC5 /* Assets.xcassets in Resources */,
				7F69373522555F5200F68EC5 /* Main.storyboard in Resources */,
			);
			runOnlyForDeploymentPostprocessing = 0;
		};
/* End PBXResourcesBuildPhase section */

/* Begin PBXShellScriptBuildPhase section */
		BDB317FA7483F9653A9B6782 /* [CP] Check Pods Manifest.lock */ = {
			isa = PBXShellScriptBuildPhase;
			buildActionMask = 2147483647;
			files = (
			);
			inputPaths = (
				"${PODS_PODFILE_DIR_PATH}/Podfile.lock",
				"${PODS_ROOT}/Manifest.lock",
			);
			name = "[CP] Check Pods Manifest.lock";
			outputPaths = (
				"$(DERIVED_FILE_DIR)/Pods-iAPTest-checkManifestLockResult.txt",
			);
			runOnlyForDeploymentPostprocessing = 0;
			shellPath = /bin/sh;
			shellScript = "diff \"${PODS_PODFILE_DIR_PATH}/Podfile.lock\" \"${PODS_ROOT}/Manifest.lock\" > /dev/null\nif [ $? != 0 ] ; then\n    # print error to STDERR\n    echo \"error: The sandbox is not in sync with the Podfile.lock. Run 'pod install' or update your CocoaPods installation.\" >&2\n    exit 1\nfi\n# This output is used by Xcode 'outputs' to avoid re-running this script phase.\necho \"SUCCESS\" > \"${SCRIPT_OUTPUT_FILE_0}\"\n";
			showEnvVarsInLog = 0;
		};
/* End PBXShellScriptBuildPhase section */

/* Begin PBXSourcesBuildPhase section */
		7F69372822555F5200F68EC5 /* Sources */ = {
			isa = PBXSourcesBuildPhase;
			buildActionMask = 2147483647;
			files = (
				7F69373222555F5200F68EC5 /* ViewController.swift in Sources */,
				7F69373022555F5200F68EC5 /* AppDelegate.swift in Sources */,
			);
			runOnlyForDeploymentPostprocessing = 0;
		};
/* End PBXSourcesBuildPhase section */

/* Begin PBXVariantGroup section */
		7F69373322555F5200F68EC5 /* Main.storyboard */ = {
			isa = PBXVariantGroup;
			children = (
				7F69373422555F5200F68EC5 /* Base */,
			);
			name = Main.storyboard;
			sourceTree = "<group>";
		};
		7F69373822555F5300F68EC5 /* LaunchScreen.storyboard */ = {
			isa = PBXVariantGroup;
			children = (
				7F69373922555F5300F68EC5 /* Base */,
			);
			name = LaunchScreen.storyboard;
			sourceTree = "<group>";
		};
/* End PBXVariantGroup section */

/* Begin XCBuildConfiguration section */
		7F69373C22555F5300F68EC5 /* Debug */ = {
			isa = XCBuildConfiguration;
			buildSettings = {
				ALWAYS_SEARCH_USER_PATHS = NO;
				CLANG_ANALYZER_NONNULL = YES;
				CLANG_ANALYZER_NUMBER_OBJECT_CONVERSION = YES_AGGRESSIVE;
				CLANG_CXX_LANGUAGE_STANDARD = "gnu++14";
				CLANG_CXX_LIBRARY = "libc++";
				CLANG_ENABLE_MODULES = YES;
				CLANG_ENABLE_OBJC_ARC = YES;
				CLANG_ENABLE_OBJC_WEAK = YES;
				CLANG_WARN_BLOCK_CAPTURE_AUTORELEASING = YES;
				CLANG_WARN_BOOL_CONVERSION = YES;
				CLANG_WARN_COMMA = YES;
				CLANG_WARN_CONSTANT_CONVERSION = YES;
				CLANG_WARN_DEPRECATED_OBJC_IMPLEMENTATIONS = YES;
				CLANG_WARN_DIRECT_OBJC_ISA_USAGE = YES_ERROR;
				CLANG_WARN_DOCUMENTATION_COMMENTS = YES;
				CLANG_WARN_EMPTY_BODY = YES;
				CLANG_WARN_ENUM_CONVERSION = YES;
				CLANG_WARN_INFINITE_RECURSION = YES;
				CLANG_WARN_INT_CONVERSION = YES;
				CLANG_WARN_NON_LITERAL_NULL_CONVERSION = YES;
				CLANG_WARN_OBJC_IMPLICIT_RETAIN_SELF = YES;
				CLANG_WARN_OBJC_LITERAL_CONVERSION = YES;
				CLANG_WARN_OBJC_ROOT_CLASS = YES_ERROR;
				CLANG_WARN_RANGE_LOOP_ANALYSIS = YES;
				CLANG_WARN_STRICT_PROTOTYPES = YES;
				CLANG_WARN_SUSPICIOUS_MOVE = YES;
				CLANG_WARN_UNGUARDED_AVAILABILITY = YES_AGGRESSIVE;
				CLANG_WARN_UNREACHABLE_CODE = YES;
				CLANG_WARN__DUPLICATE_METHOD_MATCH = YES;
				CODE_SIGN_IDENTITY = "iPhone Developer";
				COPY_PHASE_STRIP = NO;
				DEBUG_INFORMATION_FORMAT = dwarf;
				ENABLE_STRICT_OBJC_MSGSEND = YES;
				ENABLE_TESTABILITY = YES;
				GCC_C_LANGUAGE_STANDARD = gnu11;
				GCC_DYNAMIC_NO_PIC = NO;
				GCC_NO_COMMON_BLOCKS = YES;
				GCC_OPTIMIZATION_LEVEL = 0;
				GCC_PREPROCESSOR_DEFINITIONS = (
					"DEBUG=1",
					"$(inherited)",
				);
				GCC_WARN_64_TO_32_BIT_CONVERSION = YES;
				GCC_WARN_ABOUT_RETURN_TYPE = YES_ERROR;
				GCC_WARN_UNDECLARED_SELECTOR = YES;
				GCC_WARN_UNINITIALIZED_AUTOS = YES_AGGRESSIVE;
				GCC_WARN_UNUSED_FUNCTION = YES;
				GCC_WARN_UNUSED_VARIABLE = YES;
				IPHONEOS_DEPLOYMENT_TARGET = 12.2;
				MTL_ENABLE_DEBUG_INFO = INCLUDE_SOURCE;
				MTL_FAST_MATH = YES;
				ONLY_ACTIVE_ARCH = YES;
				SDKROOT = iphoneos;
				SWIFT_ACTIVE_COMPILATION_CONDITIONS = DEBUG;
				SWIFT_OPTIMIZATION_LEVEL = "-Onone";
			};
			name = Debug;
		};
		7F69373D22555F5300F68EC5 /* Release */ = {
			isa = XCBuildConfiguration;
			buildSettings = {
				ALWAYS_SEARCH_USER_PATHS = NO;
				CLANG_ANALYZER_NONNULL = YES;
				CLANG_ANALYZER_NUMBER_OBJECT_CONVERSION = YES_AGGRESSIVE;
				CLANG_CXX_LANGUAGE_STANDARD = "gnu++14";
				CLANG_CXX_LIBRARY = "libc++";
				CLANG_ENABLE_MODULES = YES;
				CLANG_ENABLE_OBJC_ARC = YES;
				CLANG_ENABLE_OBJC_WEAK = YES;
				CLANG_WARN_BLOCK_CAPTURE_AUTORELEASING = YES;
				CLANG_WARN_BOOL_CONVERSION = YES;
				CLANG_WARN_COMMA = YES;
				CLANG_WARN_CONSTANT_CONVERSION = YES;
				CLANG_WARN_DEPRECATED_OBJC_IMPLEMENTATIONS = YES;
				CLANG_WARN_DIRECT_OBJC_ISA_USAGE = YES_ERROR;
				CLANG_WARN_DOCUMENTATION_COMMENTS = YES;
				CLANG_WARN_EMPTY_BODY = YES;
				CLANG_WARN_ENUM_CONVERSION = YES;
				CLANG_WARN_INFINITE_RECURSION = YES;
				CLANG_WARN_INT_CONVERSION = YES;
				CLANG_WARN_NON_LITERAL_NULL_CONVERSION = YES;
				CLANG_WARN_OBJC_IMPLICIT_RETAIN_SELF = YES;
				CLANG_WARN_OBJC_LITERAL_CONVERSION = YES;
				CLANG_WARN_OBJC_ROOT_CLASS = YES_ERROR;
				CLANG_WARN_RANGE_LOOP_ANALYSIS = YES;
				CLANG_WARN_STRICT_PROTOTYPES = YES;
				CLANG_WARN_SUSPICIOUS_MOVE = YES;
				CLANG_WARN_UNGUARDED_AVAILABILITY = YES_AGGRESSIVE;
				CLANG_WARN_UNREACHABLE_CODE = YES;
				CLANG_WARN__DUPLICATE_METHOD_MATCH = YES;
				CODE_SIGN_IDENTITY = "iPhone Developer";
				COPY_PHASE_STRIP = NO;
				DEBUG_INFORMATION_FORMAT = "dwarf-with-dsym";
				ENABLE_NS_ASSERTIONS = NO;
				ENABLE_STRICT_OBJC_MSGSEND = YES;
				GCC_C_LANGUAGE_STANDARD = gnu11;
				GCC_NO_COMMON_BLOCKS = YES;
				GCC_WARN_64_TO_32_BIT_CONVERSION = YES;
				GCC_WARN_ABOUT_RETURN_TYPE = YES_ERROR;
				GCC_WARN_UNDECLARED_SELECTOR = YES;
				GCC_WARN_UNINITIALIZED_AUTOS = YES_AGGRESSIVE;
				GCC_WARN_UNUSED_FUNCTION = YES;
				GCC_WARN_UNUSED_VARIABLE = YES;
				IPHONEOS_DEPLOYMENT_TARGET = 12.2;
				MTL_ENABLE_DEBUG_INFO = NO;
				MTL_FAST_MATH = YES;
				SDKROOT = iphoneos;
				SWIFT_COMPILATION_MODE = wholemodule;
				SWIFT_OPTIMIZATION_LEVEL = "-O";
				VALIDATE_PRODUCT = YES;
			};
			name = Release;
		};
		7F69373F22555F5300F68EC5 /* Debug */ = {
			isa = XCBuildConfiguration;
			baseConfigurationReference = D96328890ED0354F19C6B374 /* Pods-iAPTest.debug.xcconfig */;
			buildSettings = {
				ASSETCATALOG_COMPILER_APPICON_NAME = AppIcon;
				CODE_SIGN_ENTITLEMENTS = iAPTest/iAPTest.entitlements;
				CODE_SIGN_STYLE = Automatic;
				DEVELOPMENT_TEAM = 776EQJ8ZBM;
				INFOPLIST_FILE = iAPTest/Info.plist;
				LD_RUNPATH_SEARCH_PATHS = (
					"$(inherited)",
					"@executable_path/Frameworks",
				);
				PRODUCT_BUNDLE_IDENTIFIER = com.logitech.ue.IAPTest2;
				PRODUCT_NAME = "$(TARGET_NAME)";
				SWIFT_OBJC_BRIDGING_HEADER = "iAPTest/iAPTest-Bridging-Header.h";
				SWIFT_VERSION = 5.0;
				TARGETED_DEVICE_FAMILY = "1,2";
			};
			name = Debug;
		};
		7F69374022555F5300F68EC5 /* Release */ = {
			isa = XCBuildConfiguration;
			baseConfigurationReference = 7EB1EDF78330A96189901AC2 /* Pods-iAPTest.release.xcconfig */;
			buildSettings = {
				ASSETCATALOG_COMPILER_APPICON_NAME = AppIcon;
				CODE_SIGN_ENTITLEMENTS = iAPTest/iAPTest.entitlements;
				CODE_SIGN_STYLE = Automatic;
				DEVELOPMENT_TEAM = 776EQJ8ZBM;
				INFOPLIST_FILE = iAPTest/Info.plist;
				LD_RUNPATH_SEARCH_PATHS = (
					"$(inherited)",
					"@executable_path/Frameworks",
				);
				PRODUCT_BUNDLE_IDENTIFIER = com.logitech.ue.IAPTest2;
				PRODUCT_NAME = "$(TARGET_NAME)";
				SWIFT_OBJC_BRIDGING_HEADER = "iAPTest/iAPTest-Bridging-Header.h";
				SWIFT_VERSION = 5.0;
				TARGETED_DEVICE_FAMILY = "1,2";
			};
			name = Release;
		};
/* End XCBuildConfiguration section */

/* Begin XCConfigurationList section */
		7F69372722555F5200F68EC5 /* Build configuration list for PBXProject "iAPTest" */ = {
			isa = XCConfigurationList;
			buildConfigurations = (
				7F69373C22555F5300F68EC5 /* Debug */,
				7F69373D22555F5300F68EC5 /* Release */,
			);
			defaultConfigurationIsVisible = 0;
			defaultConfigurationName = Release;
		};
		7F69373E22555F5300F68EC5 /* Build configuration list for PBXNativeTarget "iAPTest" */ = {
			isa = XCConfigurationList;
			buildConfigurations = (
				7F69373F22555F5300F68EC5 /* Debug */,
				7F69374022555F5300F68EC5 /* Release */,
			);
			defaultConfigurationIsVisible = 0;
			defaultConfigurationName = Release;
		};
/* End XCConfigurationList section */
	};
	rootObject = 7F69372422555F5200F68EC5 /* Project object */;
}
